
Microsoft Visual Studio Solution File, Format Version 12.00
Project("{2150E333-8FDC-42A3-9474-1A3956D46DE8}") = "src", "src", "{C0004F85-579E-4075-B717-B4BAE09A83B1}"
EndProject
Project("{FAE04EC0-301F-11D3-BF4B-00C04F79EFBC}") = "Backend.API", "Backend.API\Backend.API.csproj", "{E7BEF1A6-F073-442B-90A0-0A29D6337332}"
EndProject
Project("{2150E333-8FDC-42A3-9474-1A3956D46DE8}") = "Modules", "Modules", "{E40B589B-0DE9-E9EC-8D45-4DA4441F6EC6}"
EndProject
Project("{2150E333-8FDC-42A3-9474-1A3956D46DE8}") = "Sales", "Sales", "{201EB2B3-FECB-5679-8FEC-BE7E8130811C}"
EndProject
Project("{FAE04EC0-301F-11D3-BF4B-00C04F79EFBC}") = "Sales.Domain", "src\Modules\Sales\Sales.Domain\Sales.Domain.csproj", "{B4F934A4-CF57-4491-9BA3-347406F3386A}"
EndProject
Project("{FAE04EC0-301F-11D3-BF4B-00C04F79EFBC}") = "Sales.Application", "src\Modules\Sales\Sales.Application\Sales.Application.csproj", "{698C2A16-52FF-4BC1-96C4-B1FF472B3A8A}"
EndProject
Project("{FAE04EC0-301F-11D3-BF4B-00C04F79EFBC}") = "Sales.Infrastructure", "src\Modules\Sales\Sales.Infrastructure\Sales.Infrastructure.csproj", "{A2EE955A-B09C-41C8-92E6-88992ABD856B}"
EndProject
Project("{2150E333-8FDC-42A3-9474-1A3956D46DE8}") = "Inventory", "Inventory", "{FB73E582-3627-0803-B13D-B702B9E97654}"
EndProject
Project("{FAE04EC0-301F-11D3-BF4B-00C04F79EFBC}") = "Inventory.Domain", "src\Modules\Inventory\Inventory.Domain\Inventory.Domain.csproj", "{84AB6685-E33C-4D04-B7C9-81B85F05AC38}"
EndProject
Project("{FAE04EC0-301F-11D3-BF4B-00C04F79EFBC}") = "Inventory.Application", "src\Modules\Inventory\Inventory.Application\Inventory.Application.csproj", "{DE1CB022-5C45-4AF8-8CDC-BA4FEBADDFB8}"
EndProject
Project("{FAE04EC0-301F-11D3-BF4B-00C04F79EFBC}") = "Inventory.Infrastructure", "src\Modules\Inventory\Inventory.Infrastructure\Inventory.Infrastructure.csproj", "{2B5DF0CE-DDB6-44B4-A248-D1092E3C3E3B}"
EndProject
Global
	GlobalSection(SolutionConfigurationPlatforms) = preSolution
		Debug|Any CPU = Debug|Any CPU
		Debug|x64 = Debug|x64
		Debug|x86 = Debug|x86
		Release|Any CPU = Release|Any CPU
		Release|x64 = Release|x64
		Release|x86 = Release|x86
	EndGlobalSection
	GlobalSection(ProjectConfigurationPlatforms) = postSolution
		{E7BEF1A6-F073-442B-90A0-0A29D6337332}.Debug|Any CPU.ActiveCfg = Debug|Any CPU
		{E7BEF1A6-F073-442B-90A0-0A29D6337332}.Debug|Any CPU.Build.0 = Debug|Any CPU
		{E7BEF1A6-F073-442B-90A0-0A29D6337332}.Debug|x64.ActiveCfg = Debug|Any CPU
		{E7BEF1A6-F073-442B-90A0-0A29D6337332}.Debug|x64.Build.0 = Debug|Any CPU
		{E7BEF1A6-F073-442B-90A0-0A29D6337332}.Debug|x86.ActiveCfg = Debug|Any CPU
		{E7BEF1A6-F073-442B-90A0-0A29D6337332}.Debug|x86.Build.0 = Debug|Any CPU
		{E7BEF1A6-F073-442B-90A0-0A29D6337332}.Release|Any CPU.ActiveCfg = Release|Any CPU
		{E7BEF1A6-F073-442B-90A0-0A29D6337332}.Release|Any CPU.Build.0 = Release|Any CPU
		{E7BEF1A6-F073-442B-90A0-0A29D6337332}.Release|x64.ActiveCfg = Release|Any CPU
		{E7BEF1A6-F073-442B-90A0-0A29D6337332}.Release|x64.Build.0 = Release|Any CPU
		{E7BEF1A6-F073-442B-90A0-0A29D6337332}.Release|x86.ActiveCfg = Release|Any CPU
		{E7BEF1A6-F073-442B-90A0-0A29D6337332}.Release|x86.Build.0 = Release|Any CPU
		{B4F934A4-CF57-4491-9BA3-347406F3386A}.Debug|Any CPU.ActiveCfg = Debug|Any CPU
		{B4F934A4-CF57-4491-9BA3-347406F3386A}.Debug|Any CPU.Build.0 = Debug|Any CPU
		{B4F934A4-CF57-4491-9BA3-347406F3386A}.Debug|x64.ActiveCfg = Debug|Any CPU
		{B4F934A4-CF57-4491-9BA3-347406F3386A}.Debug|x64.Build.0 = Debug|Any CPU
		{B4F934A4-CF57-4491-9BA3-347406F3386A}.Debug|x86.ActiveCfg = Debug|Any CPU
		{B4F934A4-CF57-4491-9BA3-347406F3386A}.Debug|x86.Build.0 = Debug|Any CPU
		{B4F934A4-CF57-4491-9BA3-347406F3386A}.Release|Any CPU.ActiveCfg = Release|Any CPU
		{B4F934A4-CF57-4491-9BA3-347406F3386A}.Release|Any CPU.Build.0 = Release|Any CPU
		{B4F934A4-CF57-4491-9BA3-347406F3386A}.Release|x64.ActiveCfg = Release|Any CPU
		{B4F934A4-CF57-4491-9BA3-347406F3386A}.Release|x64.Build.0 = Release|Any CPU
		{B4F934A4-CF57-4491-9BA3-347406F3386A}.Release|x86.ActiveCfg = Release|Any CPU
		{B4F934A4-CF57-4491-9BA3-347406F3386A}.Release|x86.Build.0 = Release|Any CPU
		{698C2A16-52FF-4BC1-96C4-B1FF472B3A8A}.Debug|Any CPU.ActiveCfg = Debug|Any CPU
		{698C2A16-52FF-4BC1-96C4-B1FF472B3A8A}.Debug|Any CPU.Build.0 = Debug|Any CPU
		{698C2A16-52FF-4BC1-96C4-B1FF472B3A8A}.Debug|x64.ActiveCfg = Debug|Any CPU
		{698C2A16-52FF-4BC1-96C4-B1FF472B3A8A}.Debug|x64.Build.0 = Debug|Any CPU
		{698C2A16-52FF-4BC1-96C4-B1FF472B3A8A}.Debug|x86.ActiveCfg = Debug|Any CPU
		{698C2A16-52FF-4BC1-96C4-B1FF472B3A8A}.Debug|x86.Build.0 = Debug|Any CPU
		{698C2A16-52FF-4BC1-96C4-B1FF472B3A8A}.Release|Any CPU.ActiveCfg = Release|Any CPU
		{698C2A16-52FF-4BC1-96C4-B1FF472B3A8A}.Release|Any CPU.Build.0 = Release|Any CPU
		{698C2A16-52FF-4BC1-96C4-B1FF472B3A8A}.Release|x64.ActiveCfg = Release|Any CPU
		{698C2A16-52FF-4BC1-96C4-B1FF472B3A8A}.Release|x64.Build.0 = Release|Any CPU
		{698C2A16-52FF-4BC1-96C4-B1FF472B3A8A}.Release|x86.ActiveCfg = Release|Any CPU
		{698C2A16-52FF-4BC1-96C4-B1FF472B3A8A}.Release|x86.Build.0 = Release|Any CPU
		{A2EE955A-B09C-41C8-92E6-88992ABD856B}.Debug|Any CPU.ActiveCfg = Debug|Any CPU
		{A2EE955A-B09C-41C8-92E6-88992ABD856B}.Debug|Any CPU.Build.0 = Debug|Any CPU
		{A2EE955A-B09C-41C8-92E6-88992ABD856B}.Debug|x64.ActiveCfg = Debug|Any CPU
		{A2EE955A-B09C-41C8-92E6-88992ABD856B}.Debug|x64.Build.0 = Debug|Any CPU
		{A2EE955A-B09C-41C8-92E6-88992ABD856B}.Debug|x86.ActiveCfg = Debug|Any CPU
		{A2EE955A-B09C-41C8-92E6-88992ABD856B}.Debug|x86.Build.0 = Debug|Any CPU
		{A2EE955A-B09C-41C8-92E6-88992ABD856B}.Release|Any CPU.ActiveCfg = Release|Any CPU
		{A2EE955A-B09C-41C8-92E6-88992ABD856B}.Release|Any CPU.Build.0 = Release|Any CPU
		{A2EE955A-B09C-41C8-92E6-88992ABD856B}.Release|x64.ActiveCfg = Release|Any CPU
		{A2EE955A-B09C-41C8-92E6-88992ABD856B}.Release|x64.Build.0 = Release|Any CPU
		{A2EE955A-B09C-41C8-92E6-88992ABD856B}.Release|x86.ActiveCfg = Release|Any CPU
		{A2EE955A-B09C-41C8-92E6-88992ABD856B}.Release|x86.Build.0 = Release|Any CPU
		{84AB6685-E33C-4D04-B7C9-81B85F05AC38}.Debug|Any CPU.ActiveCfg = Debug|Any CPU
		{84AB6685-E33C-4D04-B7C9-81B85F05AC38}.Debug|Any CPU.Build.0 = Debug|Any CPU
		{84AB6685-E33C-4D04-B7C9-81B85F05AC38}.Debug|x64.ActiveCfg = Debug|Any CPU
		{84AB6685-E33C-4D04-B7C9-81B85F05AC38}.Debug|x64.Build.0 = Debug|Any CPU
		{84AB6685-E33C-4D04-B7C9-81B85F05AC38}.Debug|x86.ActiveCfg = Debug|Any CPU
		{84AB6685-E33C-4D04-B7C9-81B85F05AC38}.Debug|x86.Build.0 = Debug|Any CPU
		{84AB6685-E33C-4D04-B7C9-81B85F05AC38}.Release|Any CPU.ActiveCfg = Release|Any CPU
		{84AB6685-E33C-4D04-B7C9-81B85F05AC38}.Release|Any CPU.Build.0 = Release|Any CPU
		{84AB6685-E33C-4D04-B7C9-81B85F05AC38}.Release|x64.ActiveCfg = Release|Any CPU
		{84AB6685-E33C-4D04-B7C9-81B85F05AC38}.Release|x64.Build.0 = Release|Any CPU
		{84AB6685-E33C-4D04-B7C9-81B85F05AC38}.Release|x86.ActiveCfg = Release|Any CPU
		{84AB6685-E33C-4D04-B7C9-81B85F05AC38}.Release|x86.Build.0 = Release|Any CPU
		{DE1CB022-5C45-4AF8-8CDC-BA4FEBADDFB8}.Debug|Any CPU.ActiveCfg = Debug|Any CPU
		{DE1CB022-5C45-4AF8-8CDC-BA4FEBADDFB8}.Debug|Any CPU.Build.0 = Debug|Any CPU
		{DE1CB022-5C45-4AF8-8CDC-BA4FEBADDFB8}.Debug|x64.ActiveCfg = Debug|Any CPU
		{DE1CB022-5C45-4AF8-8CDC-BA4FEBADDFB8}.Debug|x64.Build.0 = Debug|Any CPU
		{DE1CB022-5C45-4AF8-8CDC-BA4FEBADDFB8}.Debug|x86.ActiveCfg = Debug|Any CPU
		{DE1CB022-5C45-4AF8-8CDC-BA4FEBADDFB8}.Debug|x86.Build.0 = Debug|Any CPU
		{DE1CB022-5C45-4AF8-8CDC-BA4FEBADDFB8}.Release|Any CPU.ActiveCfg = Release|Any CPU
		{DE1CB022-5C45-4AF8-8CDC-BA4FEBADDFB8}.Release|Any CPU.Build.0 = Release|Any CPU
		{DE1CB022-5C45-4AF8-8CDC-BA4FEBADDFB8}.Release|x64.ActiveCfg = Release|Any CPU
		{DE1CB022-5C45-4AF8-8CDC-BA4FEBADDFB8}.Release|x64.Build.0 = Release|Any CPU
		{DE1CB022-5C45-4AF8-8CDC-BA4FEBADDFB8}.Release|x86.ActiveCfg = Release|Any CPU
		{DE1CB022-5C45-4AF8-8CDC-BA4FEBADDFB8}.Release|x86.Build.0 = Release|Any CPU
		{2B5DF0CE-DDB6-44B4-A248-D1092E3C3E3B}.Debug|Any CPU.ActiveCfg = Debug|Any CPU
		{2B5DF0CE-DDB6-44B4-A248-D1092E3C3E3B}.Debug|Any CPU.Build.0 = Debug|Any CPU
		{2B5DF0CE-DDB6-44B4-A248-D1092E3C3E3B}.Debug|x64.ActiveCfg = Debug|Any CPU
		{2B5DF0CE-DDB6-44B4-A248-D1092E3C3E3B}.Debug|x64.Build.0 = Debug|Any CPU
		{2B5DF0CE-DDB6-44B4-A248-D1092E3C3E3B}.Debug|x86.ActiveCfg = Debug|Any CPU
		{2B5DF0CE-DDB6-44B4-A248-D1092E3C3E3B}.Debug|x86.Build.0 = Debug|Any CPU
		{2B5DF0CE-DDB6-44B4-A248-D1092E3C3E3B}.Release|Any CPU.ActiveCfg = Release|Any CPU
		{2B5DF0CE-DDB6-44B4-A248-D1092E3C3E3B}.Release|Any CPU.Build.0 = Release|Any CPU
		{2B5DF0CE-DDB6-44B4-A248-D1092E3C3E3B}.Release|x64.ActiveCfg = Release|Any CPU
		{2B5DF0CE-DDB6-44B4-A248-D1092E3C3E3B}.Release|x64.Build.0 = Release|Any CPU
		{2B5DF0CE-DDB6-44B4-A248-D1092E3C3E3B}.Release|x86.ActiveCfg = Release|Any CPU
		{2B5DF0CE-DDB6-44B4-A248-D1092E3C3E3B}.Release|x86.Build.0 = Release|Any CPU
	EndGlobalSection
	GlobalSection(SolutionProperties) = preSolution
		HideSolutionNode = FALSE
	EndGlobalSection
	GlobalSection(NestedProjects) = preSolution
		{E7BEF1A6-F073-442B-90A0-0A29D6337332} = {C0004F85-579E-4075-B717-B4BAE09A83B1}
		{E40B589B-0DE9-E9EC-8D45-4DA4441F6EC6} = {C0004F85-579E-4075-B717-B4BAE09A83B1}
		{201EB2B3-FECB-5679-8FEC-BE7E8130811C} = {E40B589B-0DE9-E9EC-8D45-4DA4441F6EC6}
		{B4F934A4-CF57-4491-9BA3-347406F3386A} = {201EB2B3-FECB-5679-8FEC-BE7E8130811C}
		{698C2A16-52FF-4BC1-96C4-B1FF472B3A8A} = {201EB2B3-FECB-5679-8FEC-BE7E8130811C}
		{A2EE955A-B09C-41C8-92E6-88992ABD856B} = {201EB2B3-FECB-5679-8FEC-BE7E8130811C}
		{FB73E582-3627-0803-B13D-B702B9E97654} = {E40B589B-0DE9-E9EC-8D45-4DA4441F6EC6}
		{84AB6685-E33C-4D04-B7C9-81B85F05AC38} = {FB73E582-3627-0803-B13D-B702B9E97654}
		{DE1CB022-5C45-4AF8-8CDC-BA4FEBADDFB8} = {FB73E582-3627-0803-B13D-B702B9E97654}
		{2B5DF0CE-DDB6-44B4-A248-D1092E3C3E3B} = {FB73E582-3627-0803-B13D-B702B9E97654}
	EndGlobalSection
EndGlobal
